
Microsoft Visual Studio Solution File, Format Version 12.00
# Visual Studio Version 16
VisualStudioVersion = 16.0.30330.147
MinimumVisualStudioVersion = 10.0.40219.1
Project("{9A19103F-16F7-4668-BE54-9A1E7A4F7556}") = "ApiFriends", "AtAzure\ApiFriends.csproj", "{86F3C126-8670-4BC1-A64F-7E02F637BDAE}"
EndProject
Project("{9A19103F-16F7-4668-BE54-9A1E7A4F7556}") = "ApiCountry", "ApiCountry\ApiCountry.csproj", "{22B039E2-86AD-4629-A990-D862B4B99098}"
EndProject
Project("{FAE04EC0-301F-11D3-BF4B-00C04F79EFBC}") = "WebApplication", "WebApplication\WebApplication.csproj", "{3255F3E2-DDC3-4F07-809E-FF7352CD9B86}"
EndProject
Global
	GlobalSection(SolutionConfigurationPlatforms) = preSolution
		Debug|Any CPU = Debug|Any CPU
		Release|Any CPU = Release|Any CPU
	EndGlobalSection
	GlobalSection(ProjectConfigurationPlatforms) = postSolution
		{86F3C126-8670-4BC1-A64F-7E02F637BDAE}.Debug|Any CPU.ActiveCfg = Debug|Any CPU
		{86F3C126-8670-4BC1-A64F-7E02F637BDAE}.Debug|Any CPU.Build.0 = Debug|Any CPU
		{86F3C126-8670-4BC1-A64F-7E02F637BDAE}.Release|Any CPU.ActiveCfg = Release|Any CPU
		{86F3C126-8670-4BC1-A64F-7E02F637BDAE}.Release|Any CPU.Build.0 = Release|Any CPU
		{22B039E2-86AD-4629-A990-D862B4B99098}.Debug|Any CPU.ActiveCfg = Debug|Any CPU
		{22B039E2-86AD-4629-A990-D862B4B99098}.Debug|Any CPU.Build.0 = Debug|Any CPU
		{22B039E2-86AD-4629-A990-D862B4B99098}.Release|Any CPU.ActiveCfg = Release|Any CPU
		{22B039E2-86AD-4629-A990-D862B4B99098}.Release|Any CPU.Build.0 = Release|Any CPU
		{3255F3E2-DDC3-4F07-809E-FF7352CD9B86}.Debug|Any CPU.ActiveCfg = Debug|Any CPU
		{3255F3E2-DDC3-4F07-809E-FF7352CD9B86}.Debug|Any CPU.Build.0 = Debug|Any CPU
		{3255F3E2-DDC3-4F07-809E-FF7352CD9B86}.Release|Any CPU.ActiveCfg = Release|Any CPU
		{3255F3E2-DDC3-4F07-809E-FF7352CD9B86}.Release|Any CPU.Build.0 = Release|Any CPU
	EndGlobalSection
	GlobalSection(SolutionProperties) = preSolution
		HideSolutionNode = FALSE
	EndGlobalSection
	GlobalSection(ExtensibilityGlobals) = postSolution
		SolutionGuid = {89072E6B-95CE-423E-B0EF-9600790232BA}
	EndGlobalSection
EndGlobal
